
Microsoft Visual Studio Solution File, Format Version 12.00
# Visual Studio Version 18
VisualStudioVersion = 18.2.11415.280
MinimumVisualStudioVersion = 10.0.40219.1
Project("{FAE04EC0-301F-11D3-BF4B-00C04F79EFBC}") = "Clinic.Infrastructure", "Clinic.Infrastructure\Clinic.Infrastructure.csproj", "{9E2542E4-1A8C-4992-B732-559CE3E8626B}"
EndProject
Project("{FAE04EC0-301F-11D3-BF4B-00C04F79EFBC}") = "Clinic.Authentication", "Clinic.Authentication\Clinic.Authentication.csproj", "{BD033592-F273-4E0C-87BA-37507FA96749}"
EndProject
Project("{FAE04EC0-301F-11D3-BF4B-00C04F79EFBC}") = "Doctor.Profile", "Doctor.Profile\Doctor.Profile.csproj", "{4AEB4FE9-7718-484E-BCFB-849A4C70BD98}"
EndProject
Project("{FAE04EC0-301F-11D3-BF4B-00C04F79EFBC}") = "Patient.Profile", "Patient.Profile\Patient.Profile.csproj", "{9BA10462-5C35-4309-B7EA-B7446366CD42}"
EndProject
Project("{FAE04EC0-301F-11D3-BF4B-00C04F79EFBC}") = "Doctor.Management", "Doctor.Management\Doctor.Management.csproj", "{F74EB433-B678-4913-9A9B-BEDBCA7F84B6}"
EndProject
Project("{FAE04EC0-301F-11D3-BF4B-00C04F79EFBC}") = "Patient.Management", "Patient.Management\Patient.Management.csproj", "{97AB20D0-139D-466F-9361-DBE1A9E519EC}"
EndProject
Project("{FAE04EC0-301F-11D3-BF4B-00C04F79EFBC}") = "Clinic.API", "Clinic.API\Clinic.API.csproj", "{9BE1B690-B65B-47AA-8508-4C783696B958}"
EndProject
Project("{FAE04EC0-301F-11D3-BF4B-00C04F79EFBC}") = "Booking.Management", "Booking.Management\Booking.Management.csproj", "{70C10F65-6D8B-4253-B286-317668568A2B}"
EndProject
Project("{FAE04EC0-301F-11D3-BF4B-00C04F79EFBC}") = "Booking.Doctor", "Booking.Doctor\Booking.Doctor.csproj", "{6F599C59-347A-4451-9E40-C87E03EA05C2}"
EndProject
Project("{FAE04EC0-301F-11D3-BF4B-00C04F79EFBC}") = "Booking.Patient", "Booking.Patient\Booking.Patient.csproj", "{DC85FC80-D0E4-44F3-9B73-1CFCFD65949C}"
EndProject
Project("{FAE04EC0-301F-11D3-BF4B-00C04F79EFBC}") = "Chat.Doctor", "Chat.Doctor\Chat.Doctor.csproj", "{E74FB97C-028F-42CA-B536-80F72FEF4898}"
EndProject
Project("{FAE04EC0-301F-11D3-BF4B-00C04F79EFBC}") = "Chat.Patient", "Chat.Patient\Chat.Patient.csproj", "{C7893C70-96D9-46B7-BFBD-ACB3D32BD269}"
EndProject
Project("{FAE04EC0-301F-11D3-BF4B-00C04F79EFBC}") = "Chat.Management", "Chat.Management\Chat.Management.csproj", "{59A60E07-147F-493E-B505-4C3D7886E7C5}"
EndProject
Global
	GlobalSection(SolutionConfigurationPlatforms) = preSolution
		Debug|Any CPU = Debug|Any CPU
		Debug|x64 = Debug|x64
		Debug|x86 = Debug|x86
		Release|Any CPU = Release|Any CPU
		Release|x64 = Release|x64
		Release|x86 = Release|x86
	EndGlobalSection
	GlobalSection(ProjectConfigurationPlatforms) = postSolution
		{9E2542E4-1A8C-4992-B732-559CE3E8626B}.Debug|Any CPU.ActiveCfg = Debug|Any CPU
		{9E2542E4-1A8C-4992-B732-559CE3E8626B}.Debug|Any CPU.Build.0 = Debug|Any CPU
		{9E2542E4-1A8C-4992-B732-559CE3E8626B}.Debug|x64.ActiveCfg = Debug|Any CPU
		{9E2542E4-1A8C-4992-B732-559CE3E8626B}.Debug|x64.Build.0 = Debug|Any CPU
		{9E2542E4-1A8C-4992-B732-559CE3E8626B}.Debug|x86.ActiveCfg = Debug|Any CPU
		{9E2542E4-1A8C-4992-B732-559CE3E8626B}.Debug|x86.Build.0 = Debug|Any CPU
		{9E2542E4-1A8C-4992-B732-559CE3E8626B}.Release|Any CPU.ActiveCfg = Release|Any CPU
		{9E2542E4-1A8C-4992-B732-559CE3E8626B}.Release|Any CPU.Build.0 = Release|Any CPU
		{9E2542E4-1A8C-4992-B732-559CE3E8626B}.Release|x64.ActiveCfg = Release|Any CPU
		{9E2542E4-1A8C-4992-B732-559CE3E8626B}.Release|x64.Build.0 = Release|Any CPU
		{9E2542E4-1A8C-4992-B732-559CE3E8626B}.Release|x86.ActiveCfg = Release|Any CPU
		{9E2542E4-1A8C-4992-B732-559CE3E8626B}.Release|x86.Build.0 = Release|Any CPU
		{BD033592-F273-4E0C-87BA-37507FA96749}.Debug|Any CPU.ActiveCfg = Debug|Any CPU
		{BD033592-F273-4E0C-87BA-37507FA96749}.Debug|Any CPU.Build.0 = Debug|Any CPU
		{BD033592-F273-4E0C-87BA-37507FA96749}.Debug|x64.ActiveCfg = Debug|Any CPU
		{BD033592-F273-4E0C-87BA-37507FA96749}.Debug|x64.Build.0 = Debug|Any CPU
		{BD033592-F273-4E0C-87BA-37507FA96749}.Debug|x86.ActiveCfg = Debug|Any CPU
		{BD033592-F273-4E0C-87BA-37507FA96749}.Debug|x86.Build.0 = Debug|Any CPU
		{BD033592-F273-4E0C-87BA-37507FA96749}.Release|Any CPU.ActiveCfg = Release|Any CPU
		{BD033592-F273-4E0C-87BA-37507FA96749}.Release|Any CPU.Build.0 = Release|Any CPU
		{BD033592-F273-4E0C-87BA-37507FA96749}.Release|x64.ActiveCfg = Release|Any CPU
		{BD033592-F273-4E0C-87BA-37507FA96749}.Release|x64.Build.0 = Release|Any CPU
		{BD033592-F273-4E0C-87BA-37507FA96749}.Release|x86.ActiveCfg = Release|Any CPU
		{BD033592-F273-4E0C-87BA-37507FA96749}.Release|x86.Build.0 = Release|Any CPU
		{4AEB4FE9-7718-484E-BCFB-849A4C70BD98}.Debug|Any CPU.ActiveCfg = Debug|Any CPU
		{4AEB4FE9-7718-484E-BCFB-849A4C70BD98}.Debug|Any CPU.Build.0 = Debug|Any CPU
		{4AEB4FE9-7718-484E-BCFB-849A4C70BD98}.Debug|x64.ActiveCfg = Debug|Any CPU
		{4AEB4FE9-7718-484E-BCFB-849A4C70BD98}.Debug|x64.Build.0 = Debug|Any CPU
		{4AEB4FE9-7718-484E-BCFB-849A4C70BD98}.Debug|x86.ActiveCfg = Debug|Any CPU
		{4AEB4FE9-7718-484E-BCFB-849A4C70BD98}.Debug|x86.Build.0 = Debug|Any CPU
		{4AEB4FE9-7718-484E-BCFB-849A4C70BD98}.Release|Any CPU.ActiveCfg = Release|Any CPU
		{4AEB4FE9-7718-484E-BCFB-849A4C70BD98}.Release|Any CPU.Build.0 = Release|Any CPU
		{4AEB4FE9-7718-484E-BCFB-849A4C70BD98}.Release|x64.ActiveCfg = Release|Any CPU
		{4AEB4FE9-7718-484E-BCFB-849A4C70BD98}.Release|x64.Build.0 = Release|Any CPU
		{4AEB4FE9-7718-484E-BCFB-849A4C70BD98}.Release|x86.ActiveCfg = Release|Any CPU
		{4AEB4FE9-7718-484E-BCFB-849A4C70BD98}.Release|x86.Build.0 = Release|Any CPU
		{9BA10462-5C35-4309-B7EA-B7446366CD42}.Debug|Any CPU.ActiveCfg = Debug|Any CPU
		{9BA10462-5C35-4309-B7EA-B7446366CD42}.Debug|Any CPU.Build.0 = Debug|Any CPU
		{9BA10462-5C35-4309-B7EA-B7446366CD42}.Debug|x64.ActiveCfg = Debug|Any CPU
		{9BA10462-5C35-4309-B7EA-B7446366CD42}.Debug|x64.Build.0 = Debug|Any CPU
		{9BA10462-5C35-4309-B7EA-B7446366CD42}.Debug|x86.ActiveCfg = Debug|Any CPU
		{9BA10462-5C35-4309-B7EA-B7446366CD42}.Debug|x86.Build.0 = Debug|Any CPU
		{9BA10462-5C35-4309-B7EA-B7446366CD42}.Release|Any CPU.ActiveCfg = Release|Any CPU
		{9BA10462-5C35-4309-B7EA-B7446366CD42}.Release|Any CPU.Build.0 = Release|Any CPU
		{9BA10462-5C35-4309-B7EA-B7446366CD42}.Release|x64.ActiveCfg = Release|Any CPU
		{9BA10462-5C35-4309-B7EA-B7446366CD42}.Release|x64.Build.0 = Release|Any CPU
		{9BA10462-5C35-4309-B7EA-B7446366CD42}.Release|x86.ActiveCfg = Release|Any CPU
		{9BA10462-5C35-4309-B7EA-B7446366CD42}.Release|x86.Build.0 = Release|Any CPU
		{F74EB433-B678-4913-9A9B-BEDBCA7F84B6}.Debug|Any CPU.ActiveCfg = Debug|Any CPU
		{F74EB433-B678-4913-9A9B-BEDBCA7F84B6}.Debug|Any CPU.Build.0 = Debug|Any CPU
		{F74EB433-B678-4913-9A9B-BEDBCA7F84B6}.Debug|x64.ActiveCfg = Debug|Any CPU
		{F74EB433-B678-4913-9A9B-BEDBCA7F84B6}.Debug|x64.Build.0 = Debug|Any CPU
		{F74EB433-B678-4913-9A9B-BEDBCA7F84B6}.Debug|x86.ActiveCfg = Debug|Any CPU
		{F74EB433-B678-4913-9A9B-BEDBCA7F84B6}.Debug|x86.Build.0 = Debug|Any CPU
		{F74EB433-B678-4913-9A9B-BEDBCA7F84B6}.Release|Any CPU.ActiveCfg = Release|Any CPU
		{F74EB433-B678-4913-9A9B-BEDBCA7F84B6}.Release|Any CPU.Build.0 = Release|Any CPU
		{F74EB433-B678-4913-9A9B-BEDBCA7F84B6}.Release|x64.ActiveCfg = Release|Any CPU
		{F74EB433-B678-4913-9A9B-BEDBCA7F84B6}.Release|x64.Build.0 = Release|Any CPU
		{F74EB433-B678-4913-9A9B-BEDBCA7F84B6}.Release|x86.ActiveCfg = Release|Any CPU
		{F74EB433-B678-4913-9A9B-BEDBCA7F84B6}.Release|x86.Build.0 = Release|Any CPU
		{97AB20D0-139D-466F-9361-DBE1A9E519EC}.Debug|Any CPU.ActiveCfg = Debug|Any CPU
		{97AB20D0-139D-466F-9361-DBE1A9E519EC}.Debug|Any CPU.Build.0 = Debug|Any CPU
		{97AB20D0-139D-466F-9361-DBE1A9E519EC}.Debug|x64.ActiveCfg = Debug|Any CPU
		{97AB20D0-139D-466F-9361-DBE1A9E519EC}.Debug|x64.Build.0 = Debug|Any CPU
		{97AB20D0-139D-466F-9361-DBE1A9E519EC}.Debug|x86.ActiveCfg = Debug|Any CPU
		{97AB20D0-139D-466F-9361-DBE1A9E519EC}.Debug|x86.Build.0 = Debug|Any CPU
		{97AB20D0-139D-466F-9361-DBE1A9E519EC}.Release|Any CPU.ActiveCfg = Release|Any CPU
		{97AB20D0-139D-466F-9361-DBE1A9E519EC}.Release|Any CPU.Build.0 = Release|Any CPU
		{97AB20D0-139D-466F-9361-DBE1A9E519EC}.Release|x64.ActiveCfg = Release|Any CPU
		{97AB20D0-139D-466F-9361-DBE1A9E519EC}.Release|x64.Build.0 = Release|Any CPU
		{97AB20D0-139D-466F-9361-DBE1A9E519EC}.Release|x86.ActiveCfg = Release|Any CPU
		{97AB20D0-139D-466F-9361-DBE1A9E519EC}.Release|x86.Build.0 = Release|Any CPU
		{9BE1B690-B65B-47AA-8508-4C783696B958}.Debug|Any CPU.ActiveCfg = Debug|Any CPU
		{9BE1B690-B65B-47AA-8508-4C783696B958}.Debug|Any CPU.Build.0 = Debug|Any CPU
		{9BE1B690-B65B-47AA-8508-4C783696B958}.Debug|x64.ActiveCfg = Debug|Any CPU
		{9BE1B690-B65B-47AA-8508-4C783696B958}.Debug|x64.Build.0 = Debug|Any CPU
		{9BE1B690-B65B-47AA-8508-4C783696B958}.Debug|x86.ActiveCfg = Debug|Any CPU
		{9BE1B690-B65B-47AA-8508-4C783696B958}.Debug|x86.Build.0 = Debug|Any CPU
		{9BE1B690-B65B-47AA-8508-4C783696B958}.Release|Any CPU.ActiveCfg = Release|Any CPU
		{9BE1B690-B65B-47AA-8508-4C783696B958}.Release|Any CPU.Build.0 = Release|Any CPU
		{9BE1B690-B65B-47AA-8508-4C783696B958}.Release|x64.ActiveCfg = Release|Any CPU
		{9BE1B690-B65B-47AA-8508-4C783696B958}.Release|x64.Build.0 = Release|Any CPU
		{9BE1B690-B65B-47AA-8508-4C783696B958}.Release|x86.ActiveCfg = Release|Any CPU
		{9BE1B690-B65B-47AA-8508-4C783696B958}.Release|x86.Build.0 = Release|Any CPU
		{70C10F65-6D8B-4253-B286-317668568A2B}.Debug|Any CPU.ActiveCfg = Debug|Any CPU
		{70C10F65-6D8B-4253-B286-317668568A2B}.Debug|Any CPU.Build.0 = Debug|Any CPU
		{70C10F65-6D8B-4253-B286-317668568A2B}.Debug|x64.ActiveCfg = Debug|Any CPU
		{70C10F65-6D8B-4253-B286-317668568A2B}.Debug|x64.Build.0 = Debug|Any CPU
		{70C10F65-6D8B-4253-B286-317668568A2B}.Debug|x86.ActiveCfg = Debug|Any CPU
		{70C10F65-6D8B-4253-B286-317668568A2B}.Debug|x86.Build.0 = Debug|Any CPU
		{70C10F65-6D8B-4253-B286-317668568A2B}.Release|Any CPU.ActiveCfg = Release|Any CPU
		{70C10F65-6D8B-4253-B286-317668568A2B}.Release|Any CPU.Build.0 = Release|Any CPU
		{70C10F65-6D8B-4253-B286-317668568A2B}.Release|x64.ActiveCfg = Release|Any CPU
		{70C10F65-6D8B-4253-B286-317668568A2B}.Release|x64.Build.0 = Release|Any CPU
		{70C10F65-6D8B-4253-B286-317668568A2B}.Release|x86.ActiveCfg = Release|Any CPU
		{70C10F65-6D8B-4253-B286-317668568A2B}.Release|x86.Build.0 = Release|Any CPU
		{6F599C59-347A-4451-9E40-C87E03EA05C2}.Debug|Any CPU.ActiveCfg = Debug|Any CPU
		{6F599C59-347A-4451-9E40-C87E03EA05C2}.Debug|Any CPU.Build.0 = Debug|Any CPU
		{6F599C59-347A-4451-9E40-C87E03EA05C2}.Debug|x64.ActiveCfg = Debug|Any CPU
		{6F599C59-347A-4451-9E40-C87E03EA05C2}.Debug|x64.Build.0 = Debug|Any CPU
		{6F599C59-347A-4451-9E40-C87E03EA05C2}.Debug|x86.ActiveCfg = Debug|Any CPU
		{6F599C59-347A-4451-9E40-C87E03EA05C2}.Debug|x86.Build.0 = Debug|Any CPU
		{6F599C59-347A-4451-9E40-C87E03EA05C2}.Release|Any CPU.ActiveCfg = Release|Any CPU
		{6F599C59-347A-4451-9E40-C87E03EA05C2}.Release|Any CPU.Build.0 = Release|Any CPU
		{6F599C59-347A-4451-9E40-C87E03EA05C2}.Release|x64.ActiveCfg = Release|Any CPU
		{6F599C59-347A-4451-9E40-C87E03EA05C2}.Release|x64.Build.0 = Release|Any CPU
		{6F599C59-347A-4451-9E40-C87E03EA05C2}.Release|x86.ActiveCfg = Release|Any CPU
		{6F599C59-347A-4451-9E40-C87E03EA05C2}.Release|x86.Build.0 = Release|Any CPU
		{DC85FC80-D0E4-44F3-9B73-1CFCFD65949C}.Debug|Any CPU.ActiveCfg = Debug|Any CPU
		{DC85FC80-D0E4-44F3-9B73-1CFCFD65949C}.Debug|Any CPU.Build.0 = Debug|Any CPU
		{DC85FC80-D0E4-44F3-9B73-1CFCFD65949C}.Debug|x64.ActiveCfg = Debug|Any CPU
		{DC85FC80-D0E4-44F3-9B73-1CFCFD65949C}.Debug|x64.Build.0 = Debug|Any CPU
		{DC85FC80-D0E4-44F3-9B73-1CFCFD65949C}.Debug|x86.ActiveCfg = Debug|Any CPU
		{DC85FC80-D0E4-44F3-9B73-1CFCFD65949C}.Debug|x86.Build.0 = Debug|Any CPU
		{DC85FC80-D0E4-44F3-9B73-1CFCFD65949C}.Release|Any CPU.ActiveCfg = Release|Any CPU
		{DC85FC80-D0E4-44F3-9B73-1CFCFD65949C}.Release|Any CPU.Build.0 = Release|Any CPU
		{DC85FC80-D0E4-44F3-9B73-1CFCFD65949C}.Release|x64.ActiveCfg = Release|Any CPU
		{DC85FC80-D0E4-44F3-9B73-1CFCFD65949C}.Release|x64.Build.0 = Release|Any CPU
		{DC85FC80-D0E4-44F3-9B73-1CFCFD65949C}.Release|x86.ActiveCfg = Release|Any CPU
		{DC85FC80-D0E4-44F3-9B73-1CFCFD65949C}.Release|x86.Build.0 = Release|Any CPU
		{E74FB97C-028F-42CA-B536-80F72FEF4898}.Debug|Any CPU.ActiveCfg = Debug|Any CPU
		{E74FB97C-028F-42CA-B536-80F72FEF4898}.Debug|Any CPU.Build.0 = Debug|Any CPU
		{E74FB97C-028F-42CA-B536-80F72FEF4898}.Debug|x64.ActiveCfg = Debug|Any CPU
		{E74FB97C-028F-42CA-B536-80F72FEF4898}.Debug|x64.Build.0 = Debug|Any CPU
		{E74FB97C-028F-42CA-B536-80F72FEF4898}.Debug|x86.ActiveCfg = Debug|Any CPU
		{E74FB97C-028F-42CA-B536-80F72FEF4898}.Debug|x86.Build.0 = Debug|Any CPU
		{E74FB97C-028F-42CA-B536-80F72FEF4898}.Release|Any CPU.ActiveCfg = Release|Any CPU
		{E74FB97C-028F-42CA-B536-80F72FEF4898}.Release|Any CPU.Build.0 = Release|Any CPU
		{E74FB97C-028F-42CA-B536-80F72FEF4898}.Release|x64.ActiveCfg = Release|Any CPU
		{E74FB97C-028F-42CA-B536-80F72FEF4898}.Release|x64.Build.0 = Release|Any CPU
		{E74FB97C-028F-42CA-B536-80F72FEF4898}.Release|x86.ActiveCfg = Release|Any CPU
		{E74FB97C-028F-42CA-B536-80F72FEF4898}.Release|x86.Build.0 = Release|Any CPU
		{C7893C70-96D9-46B7-BFBD-ACB3D32BD269}.Debug|Any CPU.ActiveCfg = Debug|Any CPU
		{C7893C70-96D9-46B7-BFBD-ACB3D32BD269}.Debug|Any CPU.Build.0 = Debug|Any CPU
		{C7893C70-96D9-46B7-BFBD-ACB3D32BD269}.Debug|x64.ActiveCfg = Debug|Any CPU
		{C7893C70-96D9-46B7-BFBD-ACB3D32BD269}.Debug|x64.Build.0 = Debug|Any CPU
		{C7893C70-96D9-46B7-BFBD-ACB3D32BD269}.Debug|x86.ActiveCfg = Debug|Any CPU
		{C7893C70-96D9-46B7-BFBD-ACB3D32BD269}.Debug|x86.Build.0 = Debug|Any CPU
		{C7893C70-96D9-46B7-BFBD-ACB3D32BD269}.Release|Any CPU.ActiveCfg = Release|Any CPU
		{C7893C70-96D9-46B7-BFBD-ACB3D32BD269}.Release|Any CPU.Build.0 = Release|Any CPU
		{C7893C70-96D9-46B7-BFBD-ACB3D32BD269}.Release|x64.ActiveCfg = Release|Any CPU
		{C7893C70-96D9-46B7-BFBD-ACB3D32BD269}.Release|x64.Build.0 = Release|Any CPU
		{C7893C70-96D9-46B7-BFBD-ACB3D32BD269}.Release|x86.ActiveCfg = Release|Any CPU
		{C7893C70-96D9-46B7-BFBD-ACB3D32BD269}.Release|x86.Build.0 = Release|Any CPU
		{59A60E07-147F-493E-B505-4C3D7886E7C5}.Debug|Any CPU.ActiveCfg = Debug|Any CPU
		{59A60E07-147F-493E-B505-4C3D7886E7C5}.Debug|Any CPU.Build.0 = Debug|Any CPU
		{59A60E07-147F-493E-B505-4C3D7886E7C5}.Debug|x64.ActiveCfg = Debug|Any CPU
		{59A60E07-147F-493E-B505-4C3D7886E7C5}.Debug|x64.Build.0 = Debug|Any CPU
		{59A60E07-147F-493E-B505-4C3D7886E7C5}.Debug|x86.ActiveCfg = Debug|Any CPU
		{59A60E07-147F-493E-B505-4C3D7886E7C5}.Debug|x86.Build.0 = Debug|Any CPU
		{59A60E07-147F-493E-B505-4C3D7886E7C5}.Release|Any CPU.ActiveCfg = Release|Any CPU
		{59A60E07-147F-493E-B505-4C3D7886E7C5}.Release|Any CPU.Build.0 = Release|Any CPU
		{59A60E07-147F-493E-B505-4C3D7886E7C5}.Release|x64.ActiveCfg = Release|Any CPU
		{59A60E07-147F-493E-B505-4C3D7886E7C5}.Release|x64.Build.0 = Release|Any CPU
		{59A60E07-147F-493E-B505-4C3D7886E7C5}.Release|x86.ActiveCfg = Release|Any CPU
		{59A60E07-147F-493E-B505-4C3D7886E7C5}.Release|x86.Build.0 = Release|Any CPU
	EndGlobalSection
	GlobalSection(SolutionProperties) = preSolution
		HideSolutionNode = FALSE
	EndGlobalSection
	GlobalSection(ExtensibilityGlobals) = postSolution
		SolutionGuid = {C46E0292-6837-4995-9BB9-07B7D9F42ABC}
	EndGlobalSection
EndGlobal
